
Microsoft Visual Studio Solution File, Format Version 12.00
# Visual Studio 15
VisualStudioVersion = 15.0.27130.2036
MinimumVisualStudioVersion = 10.0.40219.1
Project("{FAE04EC0-301F-11D3-BF4B-00C04F79EFBC}") = "HelloWorld", "HelloWorld\HelloWorld.csproj", "{4F0027C4-F7A2-4544-B26A-0A95859F8E3E}"
EndProject
Global
	GlobalSection(SolutionConfigurationPlatforms) = preSolution
		Debug|Any CPU = Debug|Any CPU
		Release|Any CPU = Release|Any CPU
	EndGlobalSection
	GlobalSection(ProjectConfigurationPlatforms) = postSolution
		{4F0027C4-F7A2-4544-B26A-0A95859F8E3E}.Debug|Any CPU.ActiveCfg = Debug|Any CPU
		{4F0027C4-F7A2-4544-B26A-0A95859F8E3E}.Debug|Any CPU.Build.0 = Debug|Any CPU
		{4F0027C4-F7A2-4544-B26A-0A95859F8E3E}.Release|Any CPU.ActiveCfg = Release|Any CPU
		{4F0027C4-F7A2-4544-B26A-0A95859F8E3E}.Release|Any CPU.Build.0 = Release|Any CPU
	EndGlobalSection
	GlobalSection(SolutionProperties) = preSolution
		HideSolutionNode = FALSE
	EndGlobalSection
	GlobalSection(ExtensibilityGlobals) = postSolution
		SolutionGuid = {82466EB8-D24D-4F98-B4F3-18B905AB1D67}
	EndGlobalSection
EndGlobal
